// !$*UTF8*$!
{
	archiveVersion = 1;
	classes = {
	};
	objectVersion = 46;
	objects = {

/* Begin PBXBuildFile section */
		7530FD8015F7C566003ADED4 /* libnativenetwork.a in Frameworks */ = {isa = PBXBuildFile; fileRef = 7530FD7F15F7C566003ADED4 /* libnativenetwork.a */; };
		7530FD8915FBB30D003ADED4 /* libcares.a in Frameworks */ = {isa = PBXBuildFile; fileRef = 7530FD8815FBB30D003ADED4 /* libcares.a */; };
		7530FD9915FFE7FC003ADED4 /* libz.dylib in Frameworks */ = {isa = PBXBuildFile; fileRef = 7530FD9815FFE7FC003ADED4 /* libz.dylib */; };
		753598911630B9380036217A /* libskia_sfnt.a in Frameworks */ = {isa = PBXBuildFile; fileRef = 753598901630B9380036217A /* libskia_sfnt.a */; };
		753598941630B9550036217A /* libskia_opts_ssse3.a in Frameworks */ = {isa = PBXBuildFile; fileRef = 753598931630B9550036217A /* libskia_opts_ssse3.a */; };
		753598961630B9640036217A /* libskia_opts.a in Frameworks */ = {isa = PBXBuildFile; fileRef = 753598951630B9640036217A /* libskia_opts.a */; };
		753598981630B96D0036217A /* libskia_utils.a in Frameworks */ = {isa = PBXBuildFile; fileRef = 753598971630B96D0036217A /* libskia_utils.a */; };
		7535989A1630B97C0036217A /* libskia_ports.a in Frameworks */ = {isa = PBXBuildFile; fileRef = 753598991630B97C0036217A /* libskia_ports.a */; };
		753598A01630B9980036217A /* libskia_core.a in Frameworks */ = {isa = PBXBuildFile; fileRef = 7535989B1630B9980036217A /* libskia_core.a */; };
		753598A11630B9980036217A /* libskia_effects.a in Frameworks */ = {isa = PBXBuildFile; fileRef = 7535989C1630B9980036217A /* libskia_effects.a */; };
		753598A21630B9980036217A /* libskia_gr.a in Frameworks */ = {isa = PBXBuildFile; fileRef = 7535989D1630B9980036217A /* libskia_gr.a */; };
		753598A31630B9980036217A /* libskia_images.a in Frameworks */ = {isa = PBXBuildFile; fileRef = 7535989E1630B9980036217A /* libskia_images.a */; };
		753598A41630B9980036217A /* libskia_skgr.a in Frameworks */ = {isa = PBXBuildFile; fileRef = 7535989F1630B9980036217A /* libskia_skgr.a */; };
		755B9F6015F550DA0020B970 /* libjs_static.a in Frameworks */ = {isa = PBXBuildFile; fileRef = 755B9F5F15F550DA0020B970 /* libjs_static.a */; };
		757C049615DD261A00339D1B /* NativeStudioAppDelegate.mm in Sources */ = {isa = PBXBuildFile; fileRef = 75C5311215DC1BF900A098F0 /* NativeStudioAppDelegate.mm */; };
		75C5310015DC1BF900A098F0 /* Cocoa.framework in Frameworks */ = {isa = PBXBuildFile; fileRef = 75C530FF15DC1BF900A098F0 /* Cocoa.framework */; };
		75C5310A15DC1BF900A098F0 /* InfoPlist.strings in Resources */ = {isa = PBXBuildFile; fileRef = 75C5310815DC1BF900A098F0 /* InfoPlist.strings */; };
		75C5310C15DC1BF900A098F0 /* main.mm in Sources */ = {isa = PBXBuildFile; fileRef = 75C5310B15DC1BF900A098F0 /* main.mm */; };
		75C5311015DC1BF900A098F0 /* Credits.rtf in Resources */ = {isa = PBXBuildFile; fileRef = 75C5310E15DC1BF900A098F0 /* Credits.rtf */; };
		75C5311615DC1BF900A098F0 /* MainMenu.xib in Resources */ = {isa = PBXBuildFile; fileRef = 75C5311415DC1BF900A098F0 /* MainMenu.xib */; };
		75C5312D15DC5D1A00A098F0 /* libnativestudio.a in Frameworks */ = {isa = PBXBuildFile; fileRef = 75C5312C15DC5D1A00A098F0 /* libnativestudio.a */; };
		75C5313E15DC5D2D00A098F0 /* libzlib.a in Frameworks */ = {isa = PBXBuildFile; fileRef = 75C5313015DC5D2D00A098F0 /* libzlib.a */; };
		75C5313F15DC5D2D00A098F0 /* libjpeg.a in Frameworks */ = {isa = PBXBuildFile; fileRef = 75C5313115DC5D2D00A098F0 /* libjpeg.a */; };
		75C5314315DC5D2D00A098F0 /* libpicture_utils.a in Frameworks */ = {isa = PBXBuildFile; fileRef = 75C5313515DC5D2D00A098F0 /* libpicture_utils.a */; };
		75C5314B15DC5E6900A098F0 /* OpenGL.framework in Frameworks */ = {isa = PBXBuildFile; fileRef = 75C5314A15DC5E6900A098F0 /* OpenGL.framework */; };
		75C5314E15DD189000A098F0 /* NativeConsole.m in Sources */ = {isa = PBXBuildFile; fileRef = 75C5314D15DD183500A098F0 /* NativeConsole.m */; };
		75C5315115DD1A2D00A098F0 /* SDL2.framework in CopyFiles */ = {isa = PBXBuildFile; fileRef = 75C5312A15DC1E4B00A098F0 /* SDL2.framework */; };
		75EAE56A16150B21006BD664 /* SDL2.framework in Frameworks */ = {isa = PBXBuildFile; fileRef = 75C5312A15DC1E4B00A098F0 /* SDL2.framework */; };
/* End PBXBuildFile section */

/* Begin PBXCopyFilesBuildPhase section */
		75C5315015DD1A1C00A098F0 /* CopyFiles */ = {
			isa = PBXCopyFilesBuildPhase;
			buildActionMask = 2147483647;
			dstPath = "";
			dstSubfolderSpec = 10;
			files = (
				75C5315115DD1A2D00A098F0 /* SDL2.framework in CopyFiles */,
			);
			runOnlyForDeploymentPostprocessing = 0;
		};
/* End PBXCopyFilesBuildPhase section */

/* Begin PBXFileReference section */
		7530FD7F15F7C566003ADED4 /* libnativenetwork.a */ = {isa = PBXFileReference; lastKnownFileType = archive.ar; name = libnativenetwork.a; path = ../../Nativestudio/network/libnativenetwork.a; sourceTree = "<group>"; };
		7530FD8815FBB30D003ADED4 /* libcares.a */ = {isa = PBXFileReference; lastKnownFileType = archive.ar; name = libcares.a; path = ../../Nativestudio/lib/libcares.a; sourceTree = "<group>"; };
		7530FD9815FFE7FC003ADED4 /* libz.dylib */ = {isa = PBXFileReference; lastKnownFileType = "compiled.mach-o.dylib"; name = libz.dylib; path = usr/lib/libz.dylib; sourceTree = SDKROOT; };
		753598901630B9380036217A /* libskia_sfnt.a */ = {isa = PBXFileReference; lastKnownFileType = archive.ar; name = libskia_sfnt.a; path = ../../src/skia/trunk/xcodebuild/Debug/libskia_sfnt.a; sourceTree = "<group>"; };
		753598931630B9550036217A /* libskia_opts_ssse3.a */ = {isa = PBXFileReference; lastKnownFileType = archive.ar; name = libskia_opts_ssse3.a; path = ../../src/skia/trunk/xcodebuild/Debug/libskia_opts_ssse3.a; sourceTree = "<group>"; };
		753598951630B9640036217A /* libskia_opts.a */ = {isa = PBXFileReference; lastKnownFileType = archive.ar; name = libskia_opts.a; path = ../../src/skia/trunk/xcodebuild/Debug/libskia_opts.a; sourceTree = "<group>"; };
		753598971630B96D0036217A /* libskia_utils.a */ = {isa = PBXFileReference; lastKnownFileType = archive.ar; name = libskia_utils.a; path = ../../src/skia/trunk/xcodebuild/Debug/libskia_utils.a; sourceTree = "<group>"; };
		753598991630B97C0036217A /* libskia_ports.a */ = {isa = PBXFileReference; lastKnownFileType = archive.ar; name = libskia_ports.a; path = ../../src/skia/trunk/xcodebuild/Debug/libskia_ports.a; sourceTree = "<group>"; };
		7535989B1630B9980036217A /* libskia_core.a */ = {isa = PBXFileReference; lastKnownFileType = archive.ar; name = libskia_core.a; path = ../../src/skia/trunk/xcodebuild/Debug/libskia_core.a; sourceTree = "<group>"; };
		7535989C1630B9980036217A /* libskia_effects.a */ = {isa = PBXFileReference; lastKnownFileType = archive.ar; name = libskia_effects.a; path = ../../src/skia/trunk/xcodebuild/Debug/libskia_effects.a; sourceTree = "<group>"; };
		7535989D1630B9980036217A /* libskia_gr.a */ = {isa = PBXFileReference; lastKnownFileType = archive.ar; name = libskia_gr.a; path = ../../src/skia/trunk/xcodebuild/Debug/libskia_gr.a; sourceTree = "<group>"; };
		7535989E1630B9980036217A /* libskia_images.a */ = {isa = PBXFileReference; lastKnownFileType = archive.ar; name = libskia_images.a; path = ../../src/skia/trunk/xcodebuild/Debug/libskia_images.a; sourceTree = "<group>"; };
		7535989F1630B9980036217A /* libskia_skgr.a */ = {isa = PBXFileReference; lastKnownFileType = archive.ar; name = libskia_skgr.a; path = ../../src/skia/trunk/xcodebuild/Debug/libskia_skgr.a; sourceTree = "<group>"; };
		755B9F5F15F550DA0020B970 /* libjs_static.a */ = {isa = PBXFileReference; lastKnownFileType = archive.ar; name = libjs_static.a; path = ../../Nativestudio/mozilla/js/src/libjs_static.a; sourceTree = "<group>"; };
		75C530FB15DC1BF900A098F0 /* NativeOSX.app */ = {isa = PBXFileReference; explicitFileType = wrapper.application; includeInIndex = 0; path = NativeOSX.app; sourceTree = BUILT_PRODUCTS_DIR; };
		75C530FF15DC1BF900A098F0 /* Cocoa.framework */ = {isa = PBXFileReference; lastKnownFileType = wrapper.framework; name = Cocoa.framework; path = System/Library/Frameworks/Cocoa.framework; sourceTree = SDKROOT; };
		75C5310215DC1BF900A098F0 /* AppKit.framework */ = {isa = PBXFileReference; lastKnownFileType = wrapper.framework; name = AppKit.framework; path = System/Library/Frameworks/AppKit.framework; sourceTree = SDKROOT; };
		75C5310315DC1BF900A098F0 /* CoreData.framework */ = {isa = PBXFileReference; lastKnownFileType = wrapper.framework; name = CoreData.framework; path = System/Library/Frameworks/CoreData.framework; sourceTree = SDKROOT; };
		75C5310415DC1BF900A098F0 /* Foundation.framework */ = {isa = PBXFileReference; lastKnownFileType = wrapper.framework; name = Foundation.framework; path = System/Library/Frameworks/Foundation.framework; sourceTree = SDKROOT; };
		75C5310715DC1BF900A098F0 /* NativeOSX-Info.plist */ = {isa = PBXFileReference; lastKnownFileType = text.plist.xml; path = "NativeOSX-Info.plist"; sourceTree = "<group>"; };
		75C5310915DC1BF900A098F0 /* en */ = {isa = PBXFileReference; lastKnownFileType = text.plist.strings; name = en; path = en.lproj/InfoPlist.strings; sourceTree = "<group>"; };
		75C5310B15DC1BF900A098F0 /* main.mm */ = {isa = PBXFileReference; lastKnownFileType = sourcecode.cpp.objcpp; path = main.mm; sourceTree = "<group>"; };
		75C5310D15DC1BF900A098F0 /* NativeOSX-Prefix.pch */ = {isa = PBXFileReference; lastKnownFileType = sourcecode.c.h; path = "NativeOSX-Prefix.pch"; sourceTree = "<group>"; };
		75C5310F15DC1BF900A098F0 /* en */ = {isa = PBXFileReference; lastKnownFileType = text.rtf; name = en; path = en.lproj/Credits.rtf; sourceTree = "<group>"; };
		75C5311115DC1BF900A098F0 /* NativeStudioAppDelegate.h */ = {isa = PBXFileReference; lastKnownFileType = sourcecode.c.h; path = NativeStudioAppDelegate.h; sourceTree = "<group>"; };
		75C5311215DC1BF900A098F0 /* NativeStudioAppDelegate.mm */ = {isa = PBXFileReference; lastKnownFileType = sourcecode.cpp.objcpp; path = NativeStudioAppDelegate.mm; sourceTree = "<group>"; };
		75C5311515DC1BF900A098F0 /* en */ = {isa = PBXFileReference; lastKnownFileType = file.xib; name = en; path = en.lproj/MainMenu.xib; sourceTree = "<group>"; };
		75C5312A15DC1E4B00A098F0 /* SDL2.framework */ = {isa = PBXFileReference; lastKnownFileType = wrapper.framework; name = SDL2.framework; path = /Library/Frameworks/SDL2.framework; sourceTree = "<absolute>"; };
		75C5312C15DC5D1A00A098F0 /* libnativestudio.a */ = {isa = PBXFileReference; lastKnownFileType = archive.ar; name = libnativestudio.a; path = ../../Nativestudio/src/libnativestudio.a; sourceTree = "<group>"; };
		75C5313015DC5D2D00A098F0 /* libzlib.a */ = {isa = PBXFileReference; lastKnownFileType = archive.ar; name = libzlib.a; path = ../../src/skia/trunk/xcodebuild/Debug/libzlib.a; sourceTree = "<group>"; };
		75C5313115DC5D2D00A098F0 /* libjpeg.a */ = {isa = PBXFileReference; lastKnownFileType = archive.ar; name = libjpeg.a; path = ../../src/skia/trunk/xcodebuild/Debug/libjpeg.a; sourceTree = "<group>"; };
		75C5313515DC5D2D00A098F0 /* libpicture_utils.a */ = {isa = PBXFileReference; lastKnownFileType = archive.ar; name = libpicture_utils.a; path = ../../src/skia/trunk/xcodebuild/Debug/libpicture_utils.a; sourceTree = "<group>"; };
		75C5314A15DC5E6900A098F0 /* OpenGL.framework */ = {isa = PBXFileReference; lastKnownFileType = wrapper.framework; name = OpenGL.framework; path = System/Library/Frameworks/OpenGL.framework; sourceTree = SDKROOT; };
		75C5314C15DD183500A098F0 /* NativeConsole.h */ = {isa = PBXFileReference; lastKnownFileType = sourcecode.c.h; path = NativeConsole.h; sourceTree = "<group>"; };
		75C5314D15DD183500A098F0 /* NativeConsole.m */ = {isa = PBXFileReference; lastKnownFileType = sourcecode.c.objc; path = NativeConsole.m; sourceTree = "<group>"; };
/* End PBXFileReference section */

/* Begin PBXFrameworksBuildPhase section */
		75C530F815DC1BF900A098F0 /* Frameworks */ = {
			isa = PBXFrameworksBuildPhase;
			buildActionMask = 2147483647;
			files = (
				75EAE56A16150B21006BD664 /* SDL2.framework in Frameworks */,
				7530FD9915FFE7FC003ADED4 /* libz.dylib in Frameworks */,
				75C5314B15DC5E6900A098F0 /* OpenGL.framework in Frameworks */,
				75C5310015DC1BF900A098F0 /* Cocoa.framework in Frameworks */,
				75C5312D15DC5D1A00A098F0 /* libnativestudio.a in Frameworks */,
				75C5313E15DC5D2D00A098F0 /* libzlib.a in Frameworks */,
				75C5313F15DC5D2D00A098F0 /* libjpeg.a in Frameworks */,
				75C5314315DC5D2D00A098F0 /* libpicture_utils.a in Frameworks */,
				755B9F6015F550DA0020B970 /* libjs_static.a in Frameworks */,
				7530FD8015F7C566003ADED4 /* libnativenetwork.a in Frameworks */,
				7530FD8915FBB30D003ADED4 /* libcares.a in Frameworks */,
				753598911630B9380036217A /* libskia_sfnt.a in Frameworks */,
				753598941630B9550036217A /* libskia_opts_ssse3.a in Frameworks */,
				753598961630B9640036217A /* libskia_opts.a in Frameworks */,
				753598981630B96D0036217A /* libskia_utils.a in Frameworks */,
				7535989A1630B97C0036217A /* libskia_ports.a in Frameworks */,
				753598A01630B9980036217A /* libskia_core.a in Frameworks */,
				753598A11630B9980036217A /* libskia_effects.a in Frameworks */,
				753598A21630B9980036217A /* libskia_gr.a in Frameworks */,
				753598A31630B9980036217A /* libskia_images.a in Frameworks */,
				753598A41630B9980036217A /* libskia_skgr.a in Frameworks */,
			);
			runOnlyForDeploymentPostprocessing = 0;
		};
/* End PBXFrameworksBuildPhase section */

/* Begin PBXGroup section */
		75C530F015DC1BF800A098F0 = {
			isa = PBXGroup;
			children = (
				7530FD9815FFE7FC003ADED4 /* libz.dylib */,
				75C5310515DC1BF900A098F0 /* NativeOSX */,
				75C530FE15DC1BF900A098F0 /* Frameworks */,
				75C530FC15DC1BF900A098F0 /* Products */,
			);
			sourceTree = "<group>";
		};
		75C530FC15DC1BF900A098F0 /* Products */ = {
			isa = PBXGroup;
			children = (
				75C530FB15DC1BF900A098F0 /* NativeOSX.app */,
			);
			name = Products;
			sourceTree = "<group>";
		};
		75C530FE15DC1BF900A098F0 /* Frameworks */ = {
			isa = PBXGroup;
			children = (
				753598901630B9380036217A /* libskia_sfnt.a */,
				755B9F5F15F550DA0020B970 /* libjs_static.a */,
				753598931630B9550036217A /* libskia_opts_ssse3.a */,
				7530FD7F15F7C566003ADED4 /* libnativenetwork.a */,
				7535989B1630B9980036217A /* libskia_core.a */,
				7535989C1630B9980036217A /* libskia_effects.a */,
				7535989D1630B9980036217A /* libskia_gr.a */,
				7535989E1630B9980036217A /* libskia_images.a */,
				7535989F1630B9980036217A /* libskia_skgr.a */,
				75C5312C15DC5D1A00A098F0 /* libnativestudio.a */,
				7530FD8815FBB30D003ADED4 /* libcares.a */,
				753598991630B97C0036217A /* libskia_ports.a */,
				753598971630B96D0036217A /* libskia_utils.a */,
				75C5313015DC5D2D00A098F0 /* libzlib.a */,
				753598951630B9640036217A /* libskia_opts.a */,
				75C5313115DC5D2D00A098F0 /* libjpeg.a */,
				75C5313515DC5D2D00A098F0 /* libpicture_utils.a */,
				75C5314A15DC5E6900A098F0 /* OpenGL.framework */,
				75C5312A15DC1E4B00A098F0 /* SDL2.framework */,
				75C530FF15DC1BF900A098F0 /* Cocoa.framework */,
				75C5310115DC1BF900A098F0 /* Other Frameworks */,
			);
			name = Frameworks;
			sourceTree = "<group>";
		};
		75C5310115DC1BF900A098F0 /* Other Frameworks */ = {
			isa = PBXGroup;
			children = (
				75C5310215DC1BF900A098F0 /* AppKit.framework */,
				75C5310315DC1BF900A098F0 /* CoreData.framework */,
				75C5310415DC1BF900A098F0 /* Foundation.framework */,
			);
			name = "Other Frameworks";
			sourceTree = "<group>";
		};
		75C5310515DC1BF900A098F0 /* NativeOSX */ = {
			isa = PBXGroup;
			children = (
				75C5311115DC1BF900A098F0 /* NativeStudioAppDelegate.h */,
				75C5311215DC1BF900A098F0 /* NativeStudioAppDelegate.mm */,
				75C5311415DC1BF900A098F0 /* MainMenu.xib */,
				75C5314C15DD183500A098F0 /* NativeConsole.h */,
				75C5314D15DD183500A098F0 /* NativeConsole.m */,
				75C5310615DC1BF900A098F0 /* Supporting Files */,
			);
			path = NativeOSX;
			sourceTree = "<group>";
		};
		75C5310615DC1BF900A098F0 /* Supporting Files */ = {
			isa = PBXGroup;
			children = (
				75C5310715DC1BF900A098F0 /* NativeOSX-Info.plist */,
				75C5310815DC1BF900A098F0 /* InfoPlist.strings */,
				75C5310B15DC1BF900A098F0 /* main.mm */,
				75C5310D15DC1BF900A098F0 /* NativeOSX-Prefix.pch */,
				75C5310E15DC1BF900A098F0 /* Credits.rtf */,
			);
			name = "Supporting Files";
			sourceTree = "<group>";
		};
/* End PBXGroup section */

/* Begin PBXNativeTarget section */
		75C530FA15DC1BF900A098F0 /* NativeOSX */ = {
			isa = PBXNativeTarget;
			buildConfigurationList = 75C5311915DC1BF900A098F0 /* Build configuration list for PBXNativeTarget "NativeOSX" */;
			buildPhases = (
				75C530F715DC1BF900A098F0 /* Sources */,
				75C530F815DC1BF900A098F0 /* Frameworks */,
				75C530F915DC1BF900A098F0 /* Resources */,
				75C5315015DD1A1C00A098F0 /* CopyFiles */,
			);
			buildRules = (
			);
			dependencies = (
			);
			name = NativeOSX;
			productName = NativeOSX;
			productReference = 75C530FB15DC1BF900A098F0 /* NativeOSX.app */;
			productType = "com.apple.product-type.application";
		};
/* End PBXNativeTarget section */

/* Begin PBXProject section */
		75C530F215DC1BF800A098F0 /* Project object */ = {
			isa = PBXProject;
			attributes = {
				CLASSPREFIX = NativeStudio;
				LastUpgradeCheck = 0430;
			};
			buildConfigurationList = 75C530F515DC1BF800A098F0 /* Build configuration list for PBXProject "NativeOSX" */;
			compatibilityVersion = "Xcode 3.2";
			developmentRegion = English;
			hasScannedForEncodings = 0;
			knownRegions = (
				en,
			);
			mainGroup = 75C530F015DC1BF800A098F0;
			productRefGroup = 75C530FC15DC1BF900A098F0 /* Products */;
			projectDirPath = "";
			projectRoot = "";
			targets = (
				75C530FA15DC1BF900A098F0 /* NativeOSX */,
			);
		};
/* End PBXProject section */

/* Begin PBXResourcesBuildPhase section */
		75C530F915DC1BF900A098F0 /* Resources */ = {
			isa = PBXResourcesBuildPhase;
			buildActionMask = 2147483647;
			files = (
				75C5310A15DC1BF900A098F0 /* InfoPlist.strings in Resources */,
				75C5311015DC1BF900A098F0 /* Credits.rtf in Resources */,
				75C5311615DC1BF900A098F0 /* MainMenu.xib in Resources */,
			);
			runOnlyForDeploymentPostprocessing = 0;
		};
/* End PBXResourcesBuildPhase section */

/* Begin PBXSourcesBuildPhase section */
		75C530F715DC1BF900A098F0 /* Sources */ = {
			isa = PBXSourcesBuildPhase;
			buildActionMask = 2147483647;
			files = (
				75C5310C15DC1BF900A098F0 /* main.mm in Sources */,
				75C5314E15DD189000A098F0 /* NativeConsole.m in Sources */,
				757C049615DD261A00339D1B /* NativeStudioAppDelegate.mm in Sources */,
			);
			runOnlyForDeploymentPostprocessing = 0;
		};
/* End PBXSourcesBuildPhase section */

/* Begin PBXVariantGroup section */
		75C5310815DC1BF900A098F0 /* InfoPlist.strings */ = {
			isa = PBXVariantGroup;
			children = (
				75C5310915DC1BF900A098F0 /* en */,
			);
			name = InfoPlist.strings;
			sourceTree = "<group>";
		};
		75C5310E15DC1BF900A098F0 /* Credits.rtf */ = {
			isa = PBXVariantGroup;
			children = (
				75C5310F15DC1BF900A098F0 /* en */,
			);
			name = Credits.rtf;
			sourceTree = "<group>";
		};
		75C5311415DC1BF900A098F0 /* MainMenu.xib */ = {
			isa = PBXVariantGroup;
			children = (
				75C5311515DC1BF900A098F0 /* en */,
			);
			name = MainMenu.xib;
			sourceTree = "<group>";
		};
/* End PBXVariantGroup section */

/* Begin XCBuildConfiguration section */
		75C5311715DC1BF900A098F0 /* Debug */ = {
			isa = XCBuildConfiguration;
			buildSettings = {
				ALWAYS_SEARCH_USER_PATHS = NO;
				ARCHS = "$(ARCHS_STANDARD_64_BIT)";
				COPY_PHASE_STRIP = NO;
				GCC_C_LANGUAGE_STANDARD = gnu99;
				GCC_DYNAMIC_NO_PIC = NO;
				GCC_ENABLE_OBJC_EXCEPTIONS = YES;
				GCC_OPTIMIZATION_LEVEL = 0;
				GCC_PREPROCESSOR_DEFINITIONS = (
					"DEBUG=1",
					"$(inherited)",
				);
				GCC_SYMBOLS_PRIVATE_EXTERN = NO;
				GCC_VERSION = com.apple.compilers.llvm.clang.1_0;
				GCC_WARN_64_TO_32_BIT_CONVERSION = YES;
				GCC_WARN_ABOUT_RETURN_TYPE = YES;
				GCC_WARN_UNINITIALIZED_AUTOS = YES;
				GCC_WARN_UNUSED_VARIABLE = YES;
				MACOSX_DEPLOYMENT_TARGET = 10.7;
				ONLY_ACTIVE_ARCH = YES;
				SDKROOT = macosx;
			};
			name = Debug;
		};
		75C5311815DC1BF900A098F0 /* Release */ = {
			isa = XCBuildConfiguration;
			buildSettings = {
				ALWAYS_SEARCH_USER_PATHS = NO;
				ARCHS = "$(ARCHS_STANDARD_64_BIT)";
				COPY_PHASE_STRIP = YES;
				DEBUG_INFORMATION_FORMAT = "dwarf-with-dsym";
				GCC_C_LANGUAGE_STANDARD = gnu99;
				GCC_ENABLE_OBJC_EXCEPTIONS = YES;
				GCC_VERSION = com.apple.compilers.llvm.clang.1_0;
				GCC_WARN_64_TO_32_BIT_CONVERSION = YES;
				GCC_WARN_ABOUT_RETURN_TYPE = YES;
				GCC_WARN_UNINITIALIZED_AUTOS = YES;
				GCC_WARN_UNUSED_VARIABLE = YES;
				MACOSX_DEPLOYMENT_TARGET = 10.7;
				SDKROOT = macosx;
			};
			name = Release;
		};
		75C5311A15DC1BF900A098F0 /* Debug */ = {
			isa = XCBuildConfiguration;
			buildSettings = {
				FRAMEWORK_SEARCH_PATHS = "\"/Library/Frameworks\"";
				GCC_PRECOMPILE_PREFIX_HEADER = YES;
				GCC_PREFIX_HEADER = "NativeOSX/NativeOSX-Prefix.pch";
				HEADER_SEARCH_PATHS = (
					/Users/anthonycatel/Nativestudio/mozilla/js/src/dist/include,
					/Users/anthonycatel/Nativestudio/src,
					/Users/anthonycatel/src/skia/trunk/include/device,
					/Users/anthonycatel/src/skia/trunk/include/gpu,
					/Users/anthonycatel/src/skia/trunk/include/ports,
					/Users/anthonycatel/src/skia/trunk/include/utils/mac,
					/Users/anthonycatel/src/skia/trunk/include/config,
					/Users/anthonycatel/src/skia/trunk/include/core,
					/Users/anthonycatel/src/skia/trunk/src/gpu/gl,
					/Users/anthonycatel/src/skia/trunk/src/gpu,
					/Users/anthonycatel/src/skia/trunk/src/core,
					/Users/anthonycatel/src/skia/trunk/include/effects/,
					/Users/anthonycatel/Nativestudio/network,
				);
				INFOPLIST_FILE = "NativeOSX/NativeOSX-Info.plist";
				LD_RUNPATH_SEARCH_PATHS = "@loader_path/../Frameworks";
				LIBRARY_SEARCH_PATHS = (
					"$(inherited)",
					"\"$(SRCROOT)/../../Nativestudio/src\"",
					"\"$(SRCROOT)/../../src/skia/trunk/xcodebuild/Debug\"",
					"\"$(SRCROOT)/../../Nativestudio/mozilla/js/src\"",
					"\"$(SRCROOT)/../../Nativestudio/network\"",
					"\"$(SRCROOT)/../../Nativestudio/lib\"",
				);
				PRODUCT_NAME = "$(TARGET_NAME)";
				SDKROOT = macosx10.7;
				WRAPPER_EXTENSION = app;
			};
			name = Debug;
		};
		75C5311B15DC1BF900A098F0 /* Release */ = {
			isa = XCBuildConfiguration;
			buildSettings = {
				DEBUG_INFORMATION_FORMAT = dwarf;
				FRAMEWORK_SEARCH_PATHS = "\"/Library/Frameworks\"";
				GCC_PRECOMPILE_PREFIX_HEADER = YES;
				GCC_PREFIX_HEADER = "NativeOSX/NativeOSX-Prefix.pch";
				HEADER_SEARCH_PATHS = (
					/Users/anthonycatel/Nativestudio/mozilla/js/src/dist/include,
					/Users/anthonycatel/Nativestudio/src,
					/Users/anthonycatel/src/skia/trunk/include/device,
					/Users/anthonycatel/src/skia/trunk/include/gpu,
					/Users/anthonycatel/src/skia/trunk/include/ports,
					/Users/anthonycatel/src/skia/trunk/include/utils/mac,
					/Users/anthonycatel/src/skia/trunk/include/config,
					/Users/anthonycatel/src/skia/trunk/include/core,
					/Users/anthonycatel/src/skia/trunk/src/gpu/gl,
					/Users/anthonycatel/src/skia/trunk/src/gpu,
					/Users/anthonycatel/src/skia/trunk/src/core,
					/Users/anthonycatel/src/skia/trunk/include/effects/,
					/Users/anthonycatel/Nativestudio/network,
				);
				INFOPLIST_FILE = "NativeOSX/NativeOSX-Info.plist";
				LD_RUNPATH_SEARCH_PATHS = "@loader_path/../Frameworks";
				LIBRARY_SEARCH_PATHS = (
					"$(inherited)",
					"\"$(SRCROOT)/../../Nativestudio/src\"",
					"\"$(SRCROOT)/../../src/skia/trunk/xcodebuild/Debug\"",
					"\"$(SRCROOT)/../../Nativestudio/mozilla/js/src\"",
					"\"$(SRCROOT)/../../Nativestudio/network\"",
					"\"$(SRCROOT)/../../Nativestudio/lib\"",
				);
				PRODUCT_NAME = "$(TARGET_NAME)";
				SDKROOT = macosx10.7;
				WRAPPER_EXTENSION = app;
			};
			name = Release;
		};
/* End XCBuildConfiguration section */

/* Begin XCConfigurationList section */
		75C530F515DC1BF800A098F0 /* Build configuration list for PBXProject "NativeOSX" */ = {
			isa = XCConfigurationList;
			buildConfigurations = (
				75C5311715DC1BF900A098F0 /* Debug */,
				75C5311815DC1BF900A098F0 /* Release */,
			);
			defaultConfigurationIsVisible = 0;
			defaultConfigurationName = Release;
		};
		75C5311915DC1BF900A098F0 /* Build configuration list for PBXNativeTarget "NativeOSX" */ = {
			isa = XCConfigurationList;
			buildConfigurations = (
				75C5311A15DC1BF900A098F0 /* Debug */,
				75C5311B15DC1BF900A098F0 /* Release */,
			);
			defaultConfigurationIsVisible = 0;
			defaultConfigurationName = Release;
		};
/* End XCConfigurationList section */
	};
	rootObject = 75C530F215DC1BF800A098F0 /* Project object */;
}
